{
  "name": "parkour-game-docs",
  "version": "0.0.1",
  "lockfileVersion": 3,
  "requires": true,
  "packages": {
    "": {
      "name": "parkour-game-docs",
      "version": "0.0.1",
      "type": "module",
      "dependencies": {
        "@astrojs/starlight": "^0.32.0",
        "astro": "^5.1.0",
        "sharp": "^0.33.0"
      }
    },
    "node_modules/@astrojs/starlight": {
      "version": "0.32.0",
      "resolved": "https://registry.npmjs.org/@astrojs/starlight/-/starlight-0.32.0.tgz",
      "integrity": "sha512-placeholder"
    },
    "node_modules/astro": {
      "version": "5.1.0",
      "resolved": "https://registry.npmjs.org/astro/-/astro-5.1.0.tgz",
      "integrity": "sha512-placeholder"
    },
    "node_modules/sharp": {
      "version": "0.33.0",
      "resolved": "https://registry.npmjs.org/sharp/-/sharp-0.33.0.tgz",
      "integrity": "sha512-placeholder"
    }
  }
}
